// !$*UTF8*$!
{
	archiveVersion = 1;
	classes = {
	};
	objectVersion = 46;
	objects = {

/* Begin PBXBuildFile section */
		9363D67918A8DD780078B4F7 /* Foundation.framework in Frameworks */ = {isa = PBXBuildFile; fileRef = 9363D67818A8DD780078B4F7 /* Foundation.framework */; };
		9363D67B18A8DD780078B4F7 /* CoreGraphics.framework in Frameworks */ = {isa = PBXBuildFile; fileRef = 9363D67A18A8DD780078B4F7 /* CoreGraphics.framework */; };
		9363D67D18A8DD780078B4F7 /* UIKit.framework in Frameworks */ = {isa = PBXBuildFile; fileRef = 9363D67C18A8DD780078B4F7 /* UIKit.framework */; };
		9363D68318A8DD780078B4F7 /* InfoPlist.strings in Resources */ = {isa = PBXBuildFile; fileRef = 9363D68118A8DD780078B4F7 /* InfoPlist.strings */; };
		9363D68518A8DD780078B4F7 /* main.m in Sources */ = {isa = PBXBuildFile; fileRef = 9363D68418A8DD780078B4F7 /* main.m */; };
		9363D68918A8DD780078B4F7 /* BLRAppDelegate.m in Sources */ = {isa = PBXBuildFile; fileRef = 9363D68818A8DD780078B4F7 /* BLRAppDelegate.m */; };
		9363D68C18A8DD780078B4F7 /* Main.storyboard in Resources */ = {isa = PBXBuildFile; fileRef = 9363D68A18A8DD780078B4F7 /* Main.storyboard */; };
		9363D68F18A8DD780078B4F7 /* BLRViewController.m in Sources */ = {isa = PBXBuildFile; fileRef = 9363D68E18A8DD780078B4F7 /* BLRViewController.m */; };
		9363D69118A8DD780078B4F7 /* Images.xcassets in Resources */ = {isa = PBXBuildFile; fileRef = 9363D69018A8DD780078B4F7 /* Images.xcassets */; };
		9363D6AE18A8DE400078B4F7 /* conferences.jpg in Resources */ = {isa = PBXBuildFile; fileRef = 9363D6AD18A8DE400078B4F7 /* conferences.jpg */; };
		9363D6B718A9F5490078B4F7 /* UIImage+ImageEffects.m in Sources */ = {isa = PBXBuildFile; fileRef = 9363D6B618A9F5490078B4F7 /* UIImage+ImageEffects.m */; };
/* End PBXBuildFile section */

/* Begin PBXFileReference section */
		9363D67518A8DD780078B4F7 /* Blurry.app */ = {isa = PBXFileReference; explicitFileType = wrapper.application; includeInIndex = 0; path = Blurry.app; sourceTree = BUILT_PRODUCTS_DIR; };
		9363D67818A8DD780078B4F7 /* Foundation.framework */ = {isa = PBXFileReference; lastKnownFileType = wrapper.framework; name = Foundation.framework; path = System/Library/Frameworks/Foundation.framework; sourceTree = SDKROOT; };
		9363D67A18A8DD780078B4F7 /* CoreGraphics.framework */ = {isa = PBXFileReference; lastKnownFileType = wrapper.framework; name = CoreGraphics.framework; path = System/Library/Frameworks/CoreGraphics.framework; sourceTree = SDKROOT; };
		9363D67C18A8DD780078B4F7 /* UIKit.framework */ = {isa = PBXFileReference; lastKnownFileType = wrapper.framework; name = UIKit.framework; path = System/Library/Frameworks/UIKit.framework; sourceTree = SDKROOT; };
		9363D68018A8DD780078B4F7 /* Blurry-Info.plist */ = {isa = PBXFileReference; lastKnownFileType = text.plist.xml; path = "Blurry-Info.plist"; sourceTree = "<group>"; };
		9363D68218A8DD780078B4F7 /* en */ = {isa = PBXFileReference; lastKnownFileType = text.plist.strings; name = en; path = en.lproj/InfoPlist.strings; sourceTree = "<group>"; };
		9363D68418A8DD780078B4F7 /* main.m */ = {isa = PBXFileReference; lastKnownFileType = sourcecode.c.objc; path = main.m; sourceTree = "<group>"; };
		9363D68618A8DD780078B4F7 /* Blurry-Prefix.pch */ = {isa = PBXFileReference; lastKnownFileType = sourcecode.c.h; path = "Blurry-Prefix.pch"; sourceTree = "<group>"; };
		9363D68718A8DD780078B4F7 /* BLRAppDelegate.h */ = {isa = PBXFileReference; lastKnownFileType = sourcecode.c.h; path = BLRAppDelegate.h; sourceTree = "<group>"; };
		9363D68818A8DD780078B4F7 /* BLRAppDelegate.m */ = {isa = PBXFileReference; lastKnownFileType = sourcecode.c.objc; path = BLRAppDelegate.m; sourceTree = "<group>"; };
		9363D68B18A8DD780078B4F7 /* Base */ = {isa = PBXFileReference; lastKnownFileType = file.storyboard; name = Base; path = Base.lproj/Main.storyboard; sourceTree = "<group>"; };
		9363D68D18A8DD780078B4F7 /* BLRViewController.h */ = {isa = PBXFileReference; lastKnownFileType = sourcecode.c.h; path = BLRViewController.h; sourceTree = "<group>"; };
		9363D68E18A8DD780078B4F7 /* BLRViewController.m */ = {isa = PBXFileReference; lastKnownFileType = sourcecode.c.objc; path = BLRViewController.m; sourceTree = "<group>"; };
		9363D69018A8DD780078B4F7 /* Images.xcassets */ = {isa = PBXFileReference; lastKnownFileType = folder.assetcatalog; path = Images.xcassets; sourceTree = "<group>"; };
		9363D69718A8DD780078B4F7 /* XCTest.framework */ = {isa = PBXFileReference; lastKnownFileType = wrapper.framework; name = XCTest.framework; path = Library/Frameworks/XCTest.framework; sourceTree = DEVELOPER_DIR; };
		9363D6AD18A8DE400078B4F7 /* conferences.jpg */ = {isa = PBXFileReference; lastKnownFileType = image.jpeg; path = conferences.jpg; sourceTree = "<group>"; };
		9363D6B518A9F5490078B4F7 /* UIImage+ImageEffects.h */ = {isa = PBXFileReference; fileEncoding = 4; lastKnownFileType = sourcecode.c.h; path = "UIImage+ImageEffects.h"; sourceTree = "<group>"; };
		9363D6B618A9F5490078B4F7 /* UIImage+ImageEffects.m */ = {isa = PBXFileReference; fileEncoding = 4; lastKnownFileType = sourcecode.c.objc; path = "UIImage+ImageEffects.m"; sourceTree = "<group>"; };
/* End PBXFileReference section */

/* Begin PBXFrameworksBuildPhase section */
		9363D67218A8DD780078B4F7 /* Frameworks */ = {
			isa = PBXFrameworksBuildPhase;
			buildActionMask = 2147483647;
			files = (
				9363D67B18A8DD780078B4F7 /* CoreGraphics.framework in Frameworks */,
				9363D67D18A8DD780078B4F7 /* UIKit.framework in Frameworks */,
				9363D67918A8DD780078B4F7 /* Foundation.framework in Frameworks */,
			);
			runOnlyForDeploymentPostprocessing = 0;
		};
/* End PBXFrameworksBuildPhase section */

/* Begin PBXGroup section */
		9363D66C18A8DD780078B4F7 = {
			isa = PBXGroup;
			children = (
				9363D67E18A8DD780078B4F7 /* Blurry */,
				9363D67718A8DD780078B4F7 /* Frameworks */,
				9363D67618A8DD780078B4F7 /* Products */,
			);
			sourceTree = "<group>";
		};
		9363D67618A8DD780078B4F7 /* Products */ = {
			isa = PBXGroup;
			children = (
				9363D67518A8DD780078B4F7 /* Blurry.app */,
			);
			name = Products;
			sourceTree = "<group>";
		};
		9363D67718A8DD780078B4F7 /* Frameworks */ = {
			isa = PBXGroup;
			children = (
				9363D67818A8DD780078B4F7 /* Foundation.framework */,
				9363D67A18A8DD780078B4F7 /* CoreGraphics.framework */,
				9363D67C18A8DD780078B4F7 /* UIKit.framework */,
				9363D69718A8DD780078B4F7 /* XCTest.framework */,
			);
			name = Frameworks;
			sourceTree = "<group>";
		};
		9363D67E18A8DD780078B4F7 /* Blurry */ = {
			isa = PBXGroup;
			children = (
				9363D68718A8DD780078B4F7 /* BLRAppDelegate.h */,
				9363D68818A8DD780078B4F7 /* BLRAppDelegate.m */,
				9363D6AD18A8DE400078B4F7 /* conferences.jpg */,
				9363D68A18A8DD780078B4F7 /* Main.storyboard */,
				9363D68D18A8DD780078B4F7 /* BLRViewController.h */,
				9363D68E18A8DD780078B4F7 /* BLRViewController.m */,
				9363D6B518A9F5490078B4F7 /* UIImage+ImageEffects.h */,
				9363D6B618A9F5490078B4F7 /* UIImage+ImageEffects.m */,
				9363D69018A8DD780078B4F7 /* Images.xcassets */,
				9363D67F18A8DD780078B4F7 /* Supporting Files */,
			);
			path = Blurry;
			sourceTree = "<group>";
		};
		9363D67F18A8DD780078B4F7 /* Supporting Files */ = {
			isa = PBXGroup;
			children = (
				9363D68018A8DD780078B4F7 /* Blurry-Info.plist */,
				9363D68118A8DD780078B4F7 /* InfoPlist.strings */,
				9363D68418A8DD780078B4F7 /* main.m */,
				9363D68618A8DD780078B4F7 /* Blurry-Prefix.pch */,
			);
			name = "Supporting Files";
			sourceTree = "<group>";
		};
/* End PBXGroup section */

/* Begin PBXNativeTarget section */
		9363D67418A8DD780078B4F7 /* Blurry */ = {
			isa = PBXNativeTarget;
			buildConfigurationList = 9363D6A718A8DD780078B4F7 /* Build configuration list for PBXNativeTarget "Blurry" */;
			buildPhases = (
				9363D67118A8DD780078B4F7 /* Sources */,
				9363D67218A8DD780078B4F7 /* Frameworks */,
				9363D67318A8DD780078B4F7 /* Resources */,
			);
			buildRules = (
			);
			dependencies = (
			);
			name = Blurry;
			productName = Blurry;
			productReference = 9363D67518A8DD780078B4F7 /* Blurry.app */;
			productType = "com.apple.product-type.application";
		};
/* End PBXNativeTarget section */

/* Begin PBXProject section */
		9363D66D18A8DD780078B4F7 /* Project object */ = {
			isa = PBXProject;
			attributes = {
				CLASSPREFIX = BLR;
				LastUpgradeCheck = 0510;
				ORGANIZATIONNAME = "Fujitsu Russia GDC";
			};
			buildConfigurationList = 9363D67018A8DD780078B4F7 /* Build configuration list for PBXProject "Blurry" */;
			compatibilityVersion = "Xcode 3.2";
			developmentRegion = English;
			hasScannedForEncodings = 0;
			knownRegions = (
				en,
				Base,
			);
			mainGroup = 9363D66C18A8DD780078B4F7;
			productRefGroup = 9363D67618A8DD780078B4F7 /* Products */;
			projectDirPath = "";
			projectRoot = "";
			targets = (
				9363D67418A8DD780078B4F7 /* Blurry */,
			);
		};
/* End PBXProject section */

/* Begin PBXResourcesBuildPhase section */
		9363D67318A8DD780078B4F7 /* Resources */ = {
			isa = PBXResourcesBuildPhase;
			buildActionMask = 2147483647;
			files = (
				9363D69118A8DD780078B4F7 /* Images.xcassets in Resources */,
				9363D6AE18A8DE400078B4F7 /* conferences.jpg in Resources */,
				9363D68318A8DD780078B4F7 /* InfoPlist.strings in Resources */,
				9363D68C18A8DD780078B4F7 /* Main.storyboard in Resources */,
			);
			runOnlyForDeploymentPostprocessing = 0;
		};
/* End PBXResourcesBuildPhase section */

/* Begin PBXSourcesBuildPhase section */
		9363D67118A8DD780078B4F7 /* Sources */ = {
			isa = PBXSourcesBuildPhase;
			buildActionMask = 2147483647;
			files = (
				9363D6B718A9F5490078B4F7 /* UIImage+ImageEffects.m in Sources */,
				9363D68518A8DD780078B4F7 /* main.m in Sources */,
				9363D68F18A8DD780078B4F7 /* BLRViewController.m in Sources */,
				9363D68918A8DD780078B4F7 /* BLRAppDelegate.m in Sources */,
			);
			runOnlyForDeploymentPostprocessing = 0;
		};
/* End PBXSourcesBuildPhase section */

/* Begin PBXVariantGroup section */
		9363D68118A8DD780078B4F7 /* InfoPlist.strings */ = {
			isa = PBXVariantGroup;
			children = (
				9363D68218A8DD780078B4F7 /* en */,
			);
			name = InfoPlist.strings;
			sourceTree = "<group>";
		};
		9363D68A18A8DD780078B4F7 /* Main.storyboard */ = {
			isa = PBXVariantGroup;
			children = (
				9363D68B18A8DD780078B4F7 /* Base */,
			);
			name = Main.storyboard;
			sourceTree = "<group>";
		};
/* End PBXVariantGroup section */

/* Begin XCBuildConfiguration section */
		9363D6A518A8DD780078B4F7 /* Debug */ = {
			isa = XCBuildConfiguration;
			buildSettings = {
				ALWAYS_SEARCH_USER_PATHS = NO;
				CLANG_CXX_LANGUAGE_STANDARD = "gnu++0x";
				CLANG_CXX_LIBRARY = "libc++";
				CLANG_ENABLE_MODULES = YES;
				CLANG_ENABLE_OBJC_ARC = YES;
				CLANG_WARN_BOOL_CONVERSION = YES;
				CLANG_WARN_CONSTANT_CONVERSION = YES;
				CLANG_WARN_DIRECT_OBJC_ISA_USAGE = YES_ERROR;
				CLANG_WARN_EMPTY_BODY = YES;
				CLANG_WARN_ENUM_CONVERSION = YES;
				CLANG_WARN_INT_CONVERSION = YES;
				CLANG_WARN_OBJC_ROOT_CLASS = YES_ERROR;
				CLANG_WARN__DUPLICATE_METHOD_MATCH = YES;
				"CODE_SIGN_IDENTITY[sdk=iphoneos*]" = "iPhone Developer";
				COPY_PHASE_STRIP = NO;
				GCC_C_LANGUAGE_STANDARD = gnu99;
				GCC_DYNAMIC_NO_PIC = NO;
				GCC_OPTIMIZATION_LEVEL = 0;
				GCC_PREPROCESSOR_DEFINITIONS = (
					"DEBUG=1",
					"$(inherited)",
				);
				GCC_SYMBOLS_PRIVATE_EXTERN = NO;
				GCC_WARN_64_TO_32_BIT_CONVERSION = YES;
				GCC_WARN_ABOUT_RETURN_TYPE = YES_ERROR;
				GCC_WARN_UNDECLARED_SELECTOR = YES;
				GCC_WARN_UNINITIALIZED_AUTOS = YES_AGGRESSIVE;
				GCC_WARN_UNUSED_FUNCTION = YES;
				GCC_WARN_UNUSED_VARIABLE = YES;
				IPHONEOS_DEPLOYMENT_TARGET = 7.0;
				ONLY_ACTIVE_ARCH = YES;
				SDKROOT = iphoneos;
			};
			name = Debug;
		};
		9363D6A618A8DD780078B4F7 /* Release */ = {
			isa = XCBuildConfiguration;
			buildSettings = {
				ALWAYS_SEARCH_USER_PATHS = NO;
				CLANG_CXX_LANGUAGE_STANDARD = "gnu++0x";
				CLANG_CXX_LIBRARY = "libc++";
				CLANG_ENABLE_MODULES = YES;
				CLANG_ENABLE_OBJC_ARC = YES;
				CLANG_WARN_BOOL_CONVERSION = YES;
				CLANG_WARN_CONSTANT_CONVERSION = YES;
				CLANG_WARN_DIRECT_OBJC_ISA_USAGE = YES_ERROR;
				CLANG_WARN_EMPTY_BODY = YES;
				CLANG_WARN_ENUM_CONVERSION = YES;
				CLANG_WARN_INT_CONVERSION = YES;
				CLANG_WARN_OBJC_ROOT_CLASS = YES_ERROR;
				CLANG_WARN__DUPLICATE_METHOD_MATCH = YES;
				"CODE_SIGN_IDENTITY[sdk=iphoneos*]" = "iPhone Developer";
				COPY_PHASE_STRIP = YES;
				ENABLE_NS_ASSERTIONS = NO;
				GCC_C_LANGUAGE_STANDARD = gnu99;
				GCC_WARN_64_TO_32_BIT_CONVERSION = YES;
				GCC_WARN_ABOUT_RETURN_TYPE = YES_ERROR;
				GCC_WARN_UNDECLARED_SELECTOR = YES;
				GCC_WARN_UNINITIALIZED_AUTOS = YES_AGGRESSIVE;
				GCC_WARN_UNUSED_FUNCTION = YES;
				GCC_WARN_UNUSED_VARIABLE = YES;
				IPHONEOS_DEPLOYMENT_TARGET = 7.0;
				SDKROOT = iphoneos;
				VALIDATE_PRODUCT = YES;
			};
			name = Release;
		};
		9363D6A818A8DD780078B4F7 /* Debug */ = {
			isa = XCBuildConfiguration;
			buildSettings = {
				ASSETCATALOG_COMPILER_APPICON_NAME = AppIcon;
				ASSETCATALOG_COMPILER_LAUNCHIMAGE_NAME = LaunchImage;
				GCC_PRECOMPILE_PREFIX_HEADER = YES;
				GCC_PREFIX_HEADER = "Blurry/Blurry-Prefix.pch";
				INFOPLIST_FILE = "Blurry/Blurry-Info.plist";
				PRODUCT_NAME = "$(TARGET_NAME)";
				WRAPPER_EXTENSION = app;
			};
			name = Debug;
		};
		9363D6A918A8DD780078B4F7 /* Release */ = {
			isa = XCBuildConfiguration;
			buildSettings = {
				ASSETCATALOG_COMPILER_APPICON_NAME = AppIcon;
				ASSETCATALOG_COMPILER_LAUNCHIMAGE_NAME = LaunchImage;
				GCC_PRECOMPILE_PREFIX_HEADER = YES;
				GCC_PREFIX_HEADER = "Blurry/Blurry-Prefix.pch";
				INFOPLIST_FILE = "Blurry/Blurry-Info.plist";
				PRODUCT_NAME = "$(TARGET_NAME)";
				WRAPPER_EXTENSION = app;
			};
			name = Release;
		};
/* End XCBuildConfiguration section */

/* Begin XCConfigurationList section */
		9363D67018A8DD780078B4F7 /* Build configuration list for PBXProject "Blurry" */ = {
			isa = XCConfigurationList;
			buildConfigurations = (
				9363D6A518A8DD780078B4F7 /* Debug */,
				9363D6A618A8DD780078B4F7 /* Release */,
			);
			defaultConfigurationIsVisible = 0;
			defaultConfigurationName = Release;
		};
		9363D6A718A8DD780078B4F7 /* Build configuration list for PBXNativeTarget "Blurry" */ = {
			isa = XCConfigurationList;
			buildConfigurations = (
				9363D6A818A8DD780078B4F7 /* Debug */,
				9363D6A918A8DD780078B4F7 /* Release */,
			);
			defaultConfigurationIsVisible = 0;
		};
/* End XCConfigurationList section */
	};
	rootObject = 9363D66D18A8DD780078B4F7 /* Project object */;
}
