// !$*UTF8*$!
{
	archiveVersion = 1;
	classes = {
	};
	objectVersion = 46;
	objects = {

/* Begin PBXBuildFile section */
		9319A90D1704896B00ADC1C7 /* MainStoryboardPad.storyboard in Resources */ = {isa = PBXBuildFile; fileRef = 9319A90C1704896B00ADC1C7 /* MainStoryboardPad.storyboard */; };
		931AD4441704786E00F6F368 /* UIKit.framework in Frameworks */ = {isa = PBXBuildFile; fileRef = 931AD4431704786E00F6F368 /* UIKit.framework */; };
		931AD4461704786E00F6F368 /* Foundation.framework in Frameworks */ = {isa = PBXBuildFile; fileRef = 931AD4451704786E00F6F368 /* Foundation.framework */; };
		931AD4481704786E00F6F368 /* CoreGraphics.framework in Frameworks */ = {isa = PBXBuildFile; fileRef = 931AD4471704786E00F6F368 /* CoreGraphics.framework */; };
		931AD44E1704786E00F6F368 /* InfoPlist.strings in Resources */ = {isa = PBXBuildFile; fileRef = 931AD44C1704786E00F6F368 /* InfoPlist.strings */; };
		931AD4501704786E00F6F368 /* main.m in Sources */ = {isa = PBXBuildFile; fileRef = 931AD44F1704786E00F6F368 /* main.m */; };
		931AD4541704786E00F6F368 /* KKAppDelegate.m in Sources */ = {isa = PBXBuildFile; fileRef = 931AD4531704786E00F6F368 /* KKAppDelegate.m */; };
		931AD4561704786E00F6F368 /* Default.png in Resources */ = {isa = PBXBuildFile; fileRef = 931AD4551704786E00F6F368 /* Default.png */; };
		931AD4581704786E00F6F368 /* Default@2x.png in Resources */ = {isa = PBXBuildFile; fileRef = 931AD4571704786E00F6F368 /* Default@2x.png */; };
		931AD45A1704786F00F6F368 /* Default-568h@2x.png in Resources */ = {isa = PBXBuildFile; fileRef = 931AD4591704786F00F6F368 /* Default-568h@2x.png */; };
		931AD45D1704786F00F6F368 /* MainStoryboard.storyboard in Resources */ = {isa = PBXBuildFile; fileRef = 931AD45B1704786F00F6F368 /* MainStoryboard.storyboard */; };
		931AD4601704786F00F6F368 /* KKViewController.m in Sources */ = {isa = PBXBuildFile; fileRef = 931AD45F1704786F00F6F368 /* KKViewController.m */; };
/* End PBXBuildFile section */

/* Begin PBXFileReference section */
		9319A90C1704896B00ADC1C7 /* MainStoryboardPad.storyboard */ = {isa = PBXFileReference; fileEncoding = 4; lastKnownFileType = file.storyboard; path = MainStoryboardPad.storyboard; sourceTree = "<group>"; };
		931AD4401704786E00F6F368 /* KeyboardKeys.app */ = {isa = PBXFileReference; explicitFileType = wrapper.application; includeInIndex = 0; path = KeyboardKeys.app; sourceTree = BUILT_PRODUCTS_DIR; };
		931AD4431704786E00F6F368 /* UIKit.framework */ = {isa = PBXFileReference; lastKnownFileType = wrapper.framework; name = UIKit.framework; path = System/Library/Frameworks/UIKit.framework; sourceTree = SDKROOT; };
		931AD4451704786E00F6F368 /* Foundation.framework */ = {isa = PBXFileReference; lastKnownFileType = wrapper.framework; name = Foundation.framework; path = System/Library/Frameworks/Foundation.framework; sourceTree = SDKROOT; };
		931AD4471704786E00F6F368 /* CoreGraphics.framework */ = {isa = PBXFileReference; lastKnownFileType = wrapper.framework; name = CoreGraphics.framework; path = System/Library/Frameworks/CoreGraphics.framework; sourceTree = SDKROOT; };
		931AD44B1704786E00F6F368 /* KeyboardKeys-Info.plist */ = {isa = PBXFileReference; lastKnownFileType = text.plist.xml; path = "KeyboardKeys-Info.plist"; sourceTree = "<group>"; };
		931AD44D1704786E00F6F368 /* en */ = {isa = PBXFileReference; lastKnownFileType = text.plist.strings; name = en; path = en.lproj/InfoPlist.strings; sourceTree = "<group>"; };
		931AD44F1704786E00F6F368 /* main.m */ = {isa = PBXFileReference; lastKnownFileType = sourcecode.c.objc; path = main.m; sourceTree = "<group>"; };
		931AD4511704786E00F6F368 /* KeyboardKeys-Prefix.pch */ = {isa = PBXFileReference; lastKnownFileType = sourcecode.c.h; path = "KeyboardKeys-Prefix.pch"; sourceTree = "<group>"; };
		931AD4521704786E00F6F368 /* KKAppDelegate.h */ = {isa = PBXFileReference; lastKnownFileType = sourcecode.c.h; path = KKAppDelegate.h; sourceTree = "<group>"; };
		931AD4531704786E00F6F368 /* KKAppDelegate.m */ = {isa = PBXFileReference; lastKnownFileType = sourcecode.c.objc; path = KKAppDelegate.m; sourceTree = "<group>"; };
		931AD4551704786E00F6F368 /* Default.png */ = {isa = PBXFileReference; lastKnownFileType = image.png; path = Default.png; sourceTree = "<group>"; };
		931AD4571704786E00F6F368 /* Default@2x.png */ = {isa = PBXFileReference; lastKnownFileType = image.png; path = "Default@2x.png"; sourceTree = "<group>"; };
		931AD4591704786F00F6F368 /* Default-568h@2x.png */ = {isa = PBXFileReference; lastKnownFileType = image.png; path = "Default-568h@2x.png"; sourceTree = "<group>"; };
		931AD45C1704786F00F6F368 /* en */ = {isa = PBXFileReference; lastKnownFileType = file.storyboard; name = en; path = en.lproj/MainStoryboard.storyboard; sourceTree = "<group>"; };
		931AD45E1704786F00F6F368 /* KKViewController.h */ = {isa = PBXFileReference; lastKnownFileType = sourcecode.c.h; path = KKViewController.h; sourceTree = "<group>"; };
		931AD45F1704786F00F6F368 /* KKViewController.m */ = {isa = PBXFileReference; lastKnownFileType = sourcecode.c.objc; path = KKViewController.m; sourceTree = "<group>"; };
/* End PBXFileReference section */

/* Begin PBXFrameworksBuildPhase section */
		931AD43D1704786E00F6F368 /* Frameworks */ = {
			isa = PBXFrameworksBuildPhase;
			buildActionMask = 2147483647;
			files = (
				931AD4441704786E00F6F368 /* UIKit.framework in Frameworks */,
				931AD4461704786E00F6F368 /* Foundation.framework in Frameworks */,
				931AD4481704786E00F6F368 /* CoreGraphics.framework in Frameworks */,
			);
			runOnlyForDeploymentPostprocessing = 0;
		};
/* End PBXFrameworksBuildPhase section */

/* Begin PBXGroup section */
		931AD4371704786E00F6F368 = {
			isa = PBXGroup;
			children = (
				931AD4491704786E00F6F368 /* KeyboardKeys */,
				931AD4421704786E00F6F368 /* Frameworks */,
				931AD4411704786E00F6F368 /* Products */,
			);
			sourceTree = "<group>";
		};
		931AD4411704786E00F6F368 /* Products */ = {
			isa = PBXGroup;
			children = (
				931AD4401704786E00F6F368 /* KeyboardKeys.app */,
			);
			name = Products;
			sourceTree = "<group>";
		};
		931AD4421704786E00F6F368 /* Frameworks */ = {
			isa = PBXGroup;
			children = (
				931AD4431704786E00F6F368 /* UIKit.framework */,
				931AD4451704786E00F6F368 /* Foundation.framework */,
				931AD4471704786E00F6F368 /* CoreGraphics.framework */,
			);
			name = Frameworks;
			sourceTree = "<group>";
		};
		931AD4491704786E00F6F368 /* KeyboardKeys */ = {
			isa = PBXGroup;
			children = (
				931AD4521704786E00F6F368 /* KKAppDelegate.h */,
				931AD4531704786E00F6F368 /* KKAppDelegate.m */,
				931AD45B1704786F00F6F368 /* MainStoryboard.storyboard */,
				9319A90C1704896B00ADC1C7 /* MainStoryboardPad.storyboard */,
				931AD45E1704786F00F6F368 /* KKViewController.h */,
				931AD45F1704786F00F6F368 /* KKViewController.m */,
				931AD44A1704786E00F6F368 /* Supporting Files */,
			);
			path = KeyboardKeys;
			sourceTree = "<group>";
		};
		931AD44A1704786E00F6F368 /* Supporting Files */ = {
			isa = PBXGroup;
			children = (
				931AD44B1704786E00F6F368 /* KeyboardKeys-Info.plist */,
				931AD44C1704786E00F6F368 /* InfoPlist.strings */,
				931AD44F1704786E00F6F368 /* main.m */,
				931AD4511704786E00F6F368 /* KeyboardKeys-Prefix.pch */,
				931AD4551704786E00F6F368 /* Default.png */,
				931AD4571704786E00F6F368 /* Default@2x.png */,
				931AD4591704786F00F6F368 /* Default-568h@2x.png */,
			);
			name = "Supporting Files";
			sourceTree = "<group>";
		};
/* End PBXGroup section */

/* Begin PBXNativeTarget section */
		931AD43F1704786E00F6F368 /* KeyboardKeys */ = {
			isa = PBXNativeTarget;
			buildConfigurationList = 931AD4631704786F00F6F368 /* Build configuration list for PBXNativeTarget "KeyboardKeys" */;
			buildPhases = (
				931AD43C1704786E00F6F368 /* Sources */,
				931AD43D1704786E00F6F368 /* Frameworks */,
				931AD43E1704786E00F6F368 /* Resources */,
			);
			buildRules = (
			);
			dependencies = (
			);
			name = KeyboardKeys;
			productName = KeyboardKeys;
			productReference = 931AD4401704786E00F6F368 /* KeyboardKeys.app */;
			productType = "com.apple.product-type.application";
		};
/* End PBXNativeTarget section */

/* Begin PBXProject section */
		931AD4381704786E00F6F368 /* Project object */ = {
			isa = PBXProject;
			attributes = {
				CLASSPREFIX = KK;
				LastUpgradeCheck = 0460;
				ORGANIZATIONNAME = Demo;
			};
			buildConfigurationList = 931AD43B1704786E00F6F368 /* Build configuration list for PBXProject "KeyboardKeys" */;
			compatibilityVersion = "Xcode 3.2";
			developmentRegion = English;
			hasScannedForEncodings = 0;
			knownRegions = (
				en,
			);
			mainGroup = 931AD4371704786E00F6F368;
			productRefGroup = 931AD4411704786E00F6F368 /* Products */;
			projectDirPath = "";
			projectRoot = "";
			targets = (
				931AD43F1704786E00F6F368 /* KeyboardKeys */,
			);
		};
/* End PBXProject section */

/* Begin PBXResourcesBuildPhase section */
		931AD43E1704786E00F6F368 /* Resources */ = {
			isa = PBXResourcesBuildPhase;
			buildActionMask = 2147483647;
			files = (
				931AD44E1704786E00F6F368 /* InfoPlist.strings in Resources */,
				931AD4561704786E00F6F368 /* Default.png in Resources */,
				931AD4581704786E00F6F368 /* Default@2x.png in Resources */,
				931AD45A1704786F00F6F368 /* Default-568h@2x.png in Resources */,
				931AD45D1704786F00F6F368 /* MainStoryboard.storyboard in Resources */,
				9319A90D1704896B00ADC1C7 /* MainStoryboardPad.storyboard in Resources */,
			);
			runOnlyForDeploymentPostprocessing = 0;
		};
/* End PBXResourcesBuildPhase section */

/* Begin PBXSourcesBuildPhase section */
		931AD43C1704786E00F6F368 /* Sources */ = {
			isa = PBXSourcesBuildPhase;
			buildActionMask = 2147483647;
			files = (
				931AD4501704786E00F6F368 /* main.m in Sources */,
				931AD4541704786E00F6F368 /* KKAppDelegate.m in Sources */,
				931AD4601704786F00F6F368 /* KKViewController.m in Sources */,
			);
			runOnlyForDeploymentPostprocessing = 0;
		};
/* End PBXSourcesBuildPhase section */

/* Begin PBXVariantGroup section */
		931AD44C1704786E00F6F368 /* InfoPlist.strings */ = {
			isa = PBXVariantGroup;
			children = (
				931AD44D1704786E00F6F368 /* en */,
			);
			name = InfoPlist.strings;
			sourceTree = "<group>";
		};
		931AD45B1704786F00F6F368 /* MainStoryboard.storyboard */ = {
			isa = PBXVariantGroup;
			children = (
				931AD45C1704786F00F6F368 /* en */,
			);
			name = MainStoryboard.storyboard;
			sourceTree = "<group>";
		};
/* End PBXVariantGroup section */

/* Begin XCBuildConfiguration section */
		931AD4611704786F00F6F368 /* Debug */ = {
			isa = XCBuildConfiguration;
			buildSettings = {
				ALWAYS_SEARCH_USER_PATHS = NO;
				CLANG_CXX_LANGUAGE_STANDARD = "gnu++0x";
				CLANG_CXX_LIBRARY = "libc++";
				CLANG_ENABLE_OBJC_ARC = YES;
				CLANG_WARN_CONSTANT_CONVERSION = YES;
				CLANG_WARN_EMPTY_BODY = YES;
				CLANG_WARN_ENUM_CONVERSION = YES;
				CLANG_WARN_INT_CONVERSION = YES;
				CLANG_WARN__DUPLICATE_METHOD_MATCH = YES;
				"CODE_SIGN_IDENTITY[sdk=iphoneos*]" = "iPhone Developer";
				COPY_PHASE_STRIP = NO;
				GCC_C_LANGUAGE_STANDARD = gnu99;
				GCC_DYNAMIC_NO_PIC = NO;
				GCC_OPTIMIZATION_LEVEL = 0;
				GCC_PREPROCESSOR_DEFINITIONS = (
					"DEBUG=1",
					"$(inherited)",
				);
				GCC_SYMBOLS_PRIVATE_EXTERN = NO;
				GCC_WARN_ABOUT_RETURN_TYPE = YES;
				GCC_WARN_UNINITIALIZED_AUTOS = YES;
				GCC_WARN_UNUSED_VARIABLE = YES;
				IPHONEOS_DEPLOYMENT_TARGET = 6.1;
				ONLY_ACTIVE_ARCH = YES;
				SDKROOT = iphoneos;
			};
			name = Debug;
		};
		931AD4621704786F00F6F368 /* Release */ = {
			isa = XCBuildConfiguration;
			buildSettings = {
				ALWAYS_SEARCH_USER_PATHS = NO;
				CLANG_CXX_LANGUAGE_STANDARD = "gnu++0x";
				CLANG_CXX_LIBRARY = "libc++";
				CLANG_ENABLE_OBJC_ARC = YES;
				CLANG_WARN_CONSTANT_CONVERSION = YES;
				CLANG_WARN_EMPTY_BODY = YES;
				CLANG_WARN_ENUM_CONVERSION = YES;
				CLANG_WARN_INT_CONVERSION = YES;
				CLANG_WARN__DUPLICATE_METHOD_MATCH = YES;
				"CODE_SIGN_IDENTITY[sdk=iphoneos*]" = "iPhone Developer";
				COPY_PHASE_STRIP = YES;
				GCC_C_LANGUAGE_STANDARD = gnu99;
				GCC_WARN_ABOUT_RETURN_TYPE = YES;
				GCC_WARN_UNINITIALIZED_AUTOS = YES;
				GCC_WARN_UNUSED_VARIABLE = YES;
				IPHONEOS_DEPLOYMENT_TARGET = 6.1;
				OTHER_CFLAGS = "-DNS_BLOCK_ASSERTIONS=1";
				SDKROOT = iphoneos;
				VALIDATE_PRODUCT = YES;
			};
			name = Release;
		};
		931AD4641704786F00F6F368 /* Debug */ = {
			isa = XCBuildConfiguration;
			buildSettings = {
				GCC_PRECOMPILE_PREFIX_HEADER = YES;
				GCC_PREFIX_HEADER = "KeyboardKeys/KeyboardKeys-Prefix.pch";
				INFOPLIST_FILE = "KeyboardKeys/KeyboardKeys-Info.plist";
				IPHONEOS_DEPLOYMENT_TARGET = 6.1;
				PRODUCT_NAME = "$(TARGET_NAME)";
				TARGETED_DEVICE_FAMILY = "1,2";
				WRAPPER_EXTENSION = app;
			};
			name = Debug;
		};
		931AD4651704786F00F6F368 /* Release */ = {
			isa = XCBuildConfiguration;
			buildSettings = {
				GCC_PRECOMPILE_PREFIX_HEADER = YES;
				GCC_PREFIX_HEADER = "KeyboardKeys/KeyboardKeys-Prefix.pch";
				INFOPLIST_FILE = "KeyboardKeys/KeyboardKeys-Info.plist";
				IPHONEOS_DEPLOYMENT_TARGET = 6.1;
				PRODUCT_NAME = "$(TARGET_NAME)";
				TARGETED_DEVICE_FAMILY = "1,2";
				WRAPPER_EXTENSION = app;
			};
			name = Release;
		};
/* End XCBuildConfiguration section */

/* Begin XCConfigurationList section */
		931AD43B1704786E00F6F368 /* Build configuration list for PBXProject "KeyboardKeys" */ = {
			isa = XCConfigurationList;
			buildConfigurations = (
				931AD4611704786F00F6F368 /* Debug */,
				931AD4621704786F00F6F368 /* Release */,
			);
			defaultConfigurationIsVisible = 0;
			defaultConfigurationName = Release;
		};
		931AD4631704786F00F6F368 /* Build configuration list for PBXNativeTarget "KeyboardKeys" */ = {
			isa = XCConfigurationList;
			buildConfigurations = (
				931AD4641704786F00F6F368 /* Debug */,
				931AD4651704786F00F6F368 /* Release */,
			);
			defaultConfigurationIsVisible = 0;
			defaultConfigurationName = Release;
		};
/* End XCConfigurationList section */
	};
	rootObject = 931AD4381704786E00F6F368 /* Project object */;
}
